
Microsoft Visual Studio Solution File, Format Version 12.00
# Visual Studio 14
VisualStudioVersion = 14.0.25420.1
MinimumVisualStudioVersion = 10.0.40219.1
Project("{FAE04EC0-301F-11D3-BF4B-00C04F79EFBC}") = "Artinov.StageOne.SkiCenterManagementSystem", "Artinov.StageOne.SkiCenterManagementSystem\Artinov.StageOne.SkiCenterManagementSystem.csproj", "{6033354B-08B9-498B-BBFB-7DD054C5029B}"
	ProjectSection(ProjectDependencies) = postProject
		{8B4B8BD2-95B6-4AAD-BFFC-5E8C7CEEE9F7} = {8B4B8BD2-95B6-4AAD-BFFC-5E8C7CEEE9F7}
	EndProjectSection
EndProject
Project("{FAE04EC0-301F-11D3-BF4B-00C04F79EFBC}") = "Artinov.StageOne.SkiService", "Artinov.StageOne.SkiService\Artinov.StageOne.SkiService.csproj", "{8B4B8BD2-95B6-4AAD-BFFC-5E8C7CEEE9F7}"
EndProject
Project("{FAE04EC0-301F-11D3-BF4B-00C04F79EFBC}") = "Artinov.StageOne.DbEntity", "Artinov.StageOne.DbEntity\Artinov.StageOne.DbEntity.csproj", "{48F86B10-4FCD-4AF9-88C6-530CF80F549B}"
EndProject
Project("{FAE04EC0-301F-11D3-BF4B-00C04F79EFBC}") = "Artinov.StageOne.Logic", "Artinov.StageOne.DbEntity.Logic\Artinov.StageOne.Logic.csproj", "{755E142A-49F2-4481-BB40-D601BA331EC8}"
EndProject
Project("{FAE04EC0-301F-11D3-BF4B-00C04F79EFBC}") = "Artinov.StageOne.DataAccess", "Artinov.StageOne.DataAccess\Artinov.StageOne.DataAccess.csproj", "{0E9B64BC-BF62-45ED-981B-66D78A3FD838}"
EndProject
Global
	GlobalSection(SolutionConfigurationPlatforms) = preSolution
		Debug|Any CPU = Debug|Any CPU
		Release|Any CPU = Release|Any CPU
	EndGlobalSection
	GlobalSection(ProjectConfigurationPlatforms) = postSolution
		{6033354B-08B9-498B-BBFB-7DD054C5029B}.Debug|Any CPU.ActiveCfg = Debug|Any CPU
		{6033354B-08B9-498B-BBFB-7DD054C5029B}.Debug|Any CPU.Build.0 = Debug|Any CPU
		{6033354B-08B9-498B-BBFB-7DD054C5029B}.Release|Any CPU.ActiveCfg = Release|Any CPU
		{6033354B-08B9-498B-BBFB-7DD054C5029B}.Release|Any CPU.Build.0 = Release|Any CPU
		{8B4B8BD2-95B6-4AAD-BFFC-5E8C7CEEE9F7}.Debug|Any CPU.ActiveCfg = Debug|Any CPU
		{8B4B8BD2-95B6-4AAD-BFFC-5E8C7CEEE9F7}.Debug|Any CPU.Build.0 = Debug|Any CPU
		{8B4B8BD2-95B6-4AAD-BFFC-5E8C7CEEE9F7}.Release|Any CPU.ActiveCfg = Release|Any CPU
		{8B4B8BD2-95B6-4AAD-BFFC-5E8C7CEEE9F7}.Release|Any CPU.Build.0 = Release|Any CPU
		{48F86B10-4FCD-4AF9-88C6-530CF80F549B}.Debug|Any CPU.ActiveCfg = Debug|Any CPU
		{48F86B10-4FCD-4AF9-88C6-530CF80F549B}.Debug|Any CPU.Build.0 = Debug|Any CPU
		{48F86B10-4FCD-4AF9-88C6-530CF80F549B}.Release|Any CPU.ActiveCfg = Release|Any CPU
		{48F86B10-4FCD-4AF9-88C6-530CF80F549B}.Release|Any CPU.Build.0 = Release|Any CPU
		{755E142A-49F2-4481-BB40-D601BA331EC8}.Debug|Any CPU.ActiveCfg = Debug|Any CPU
		{755E142A-49F2-4481-BB40-D601BA331EC8}.Debug|Any CPU.Build.0 = Debug|Any CPU
		{755E142A-49F2-4481-BB40-D601BA331EC8}.Release|Any CPU.ActiveCfg = Release|Any CPU
		{755E142A-49F2-4481-BB40-D601BA331EC8}.Release|Any CPU.Build.0 = Release|Any CPU
		{0E9B64BC-BF62-45ED-981B-66D78A3FD838}.Debug|Any CPU.ActiveCfg = Debug|Any CPU
		{0E9B64BC-BF62-45ED-981B-66D78A3FD838}.Debug|Any CPU.Build.0 = Debug|Any CPU
		{0E9B64BC-BF62-45ED-981B-66D78A3FD838}.Release|Any CPU.ActiveCfg = Release|Any CPU
		{0E9B64BC-BF62-45ED-981B-66D78A3FD838}.Release|Any CPU.Build.0 = Release|Any CPU
	EndGlobalSection
	GlobalSection(SolutionProperties) = preSolution
		HideSolutionNode = FALSE
	EndGlobalSection
EndGlobal
